// !$*UTF8*$!
{
	archiveVersion = 1;
	classes = {
	};
	objectVersion = 110;
	objects = {

/* Begin PBXBuildFile section */
		4476AB2F2FE440C000F77B39 /* FeatureAssembly.swift in Sources */ = {isa = PBXBuildFile; fileRef = 4476AB2E2FE440C000F77B39 /* FeatureAssembly.swift */; };
/* End PBXBuildFile section */

/* Begin PBXContainerItemProxy section */
		4476AAE32FDF9B3800F77B39 /* PBXContainerItemProxy */ = {
			isa = PBXContainerItemProxy;
			containerPortal = 4476AACD2FDF9B3700F77B39 /* Project object */;
			proxyType = 1;
			remoteGlobalIDString = 4476AAD42FDF9B3700F77B39;
			remoteInfo = CheatKey;
		};
		4476AAED2FDF9B3800F77B39 /* PBXContainerItemProxy */ = {
			isa = PBXContainerItemProxy;
			containerPortal = 4476AACD2FDF9B3700F77B39 /* Project object */;
			proxyType = 1;
			remoteGlobalIDString = 4476AAD42FDF9B3700F77B39;
			remoteInfo = CheatKey;
		};
/* End PBXContainerItemProxy section */

/* Begin PBXFileReference section */
		4476AAD52FDF9B3700F77B39 /* CheatKey.app */ = {isa = PBXFileReference; explicitFileType = wrapper.application; includeInIndex = 0; path = CheatKey.app; sourceTree = BUILT_PRODUCTS_DIR; };
		4476AAE22FDF9B3800F77B39 /* CheatKeyTests.xctest */ = {isa = PBXFileReference; explicitFileType = wrapper.cfbundle; includeInIndex = 0; path = CheatKeyTests.xctest; sourceTree = BUILT_PRODUCTS_DIR; };
		4476AAEC2FDF9B3800F77B39 /* CheatKeyUITests.xctest */ = {isa = PBXFileReference; explicitFileType = wrapper.cfbundle; includeInIndex = 0; path = CheatKeyUITests.xctest; sourceTree = BUILT_PRODUCTS_DIR; };
		4476AB2E2FE440C000F77B39 /* FeatureAssembly.swift */ = {isa = PBXFileReference; lastKnownFileType = sourcecode.swift; path = FeatureAssembly.swift; sourceTree = "<group>"; };
/* End PBXFileReference section */

/* Begin PBXFileSystemSynchronizedRootGroup section */
		4476AAD72FDF9B3700F77B39 /* CheatKey */ = {
			isa = PBXFileSystemSynchronizedRootGroup;
			path = CheatKey;
			sourceTree = "<group>";
		};
		4476AAE52FDF9B3800F77B39 /* CheatKeyTests */ = {
			isa = PBXFileSystemSynchronizedRootGroup;
			path = CheatKeyTests;
			sourceTree = "<group>";
		};
		4476AAEF2FDF9B3800F77B39 /* CheatKeyUITests */ = {
			isa = PBXFileSystemSynchronizedRootGroup;
			path = CheatKeyUITests;
			sourceTree = "<group>";
		};
/* End PBXFileSystemSynchronizedRootGroup section */

/* Begin PBXFrameworksBuildPhase section */
		4476AAD22FDF9B3700F77B39 /* Frameworks */ = {
			isa = PBXFrameworksBuildPhase;
			files = (
			);
		};
		4476AADF2FDF9B3800F77B39 /* Frameworks */ = {
			isa = PBXFrameworksBuildPhase;
			files = (
			);
		};
		4476AAE92FDF9B3800F77B39 /* Frameworks */ = {
			isa = PBXFrameworksBuildPhase;
			files = (
			);
		};
/* End PBXFrameworksBuildPhase section */

/* Begin PBXGroup section */
		4476AACC2FDF9B3700F77B39 = {
			isa = PBXGroup;
			children = (
				4476AAD72FDF9B3700F77B39 /* CheatKey */,
				4476AAE52FDF9B3800F77B39 /* CheatKeyTests */,
				4476AAEF2FDF9B3800F77B39 /* CheatKeyUITests */,
				4476AAD62FDF9B3700F77B39 /* Products */,
				4476AB302FE4413900F77B39 /* Infrastructure */,
			);
			sourceTree = "<group>";
		};
		4476AAD62FDF9B3700F77B39 /* Products */ = {
			isa = PBXGroup;
			children = (
				4476AAD52FDF9B3700F77B39 /* CheatKey.app */,
				4476AAE22FDF9B3800F77B39 /* CheatKeyTests.xctest */,
				4476AAEC2FDF9B3800F77B39 /* CheatKeyUITests.xctest */,
			);
			name = Products;
			sourceTree = "<group>";
		};
		4476AB302FE4413900F77B39 /* Infrastructure */ = {
			isa = PBXGroup;
			children = (
				4476AB312FE4413900F77B39 /* DependencyInjection */,
			);
			path = Infrastructure;
			sourceTree = "<group>";
		};
		4476AB312FE4413900F77B39 /* DependencyInjection */ = {
			isa = PBXGroup;
			children = (
				4476AB2E2FE440C000F77B39 /* FeatureAssembly.swift */,
			);
			path = DependencyInjection;
			sourceTree = "<group>";
		};
/* End PBXGroup section */

/* Begin PBXNativeTarget section */
		4476AAD42FDF9B3700F77B39 /* CheatKey */ = {
			isa = PBXNativeTarget;
			buildConfigurationList = 4476AAF42FDF9B3800F77B39 /* Build configuration list for PBXNativeTarget "CheatKey" */;
			buildPhases = (
				4476AAD12FDF9B3700F77B39 /* Sources */,
				4476AAD22FDF9B3700F77B39 /* Frameworks */,
				4476AAD32FDF9B3700F77B39 /* Resources */,
			);
			buildRules = (
			);
			fileSystemSynchronizedGroups = (
				4476AAD72FDF9B3700F77B39 /* CheatKey */,
			);
			name = CheatKey;
			productName = CheatKey;
			productReference = 4476AAD52FDF9B3700F77B39 /* CheatKey.app */;
			productType = "com.apple.product-type.application";
		};
		4476AAE12FDF9B3800F77B39 /* CheatKeyTests */ = {
			isa = PBXNativeTarget;
			buildConfigurationList = 4476AAF72FDF9B3800F77B39 /* Build configuration list for PBXNativeTarget "CheatKeyTests" */;
			buildPhases = (
				4476AADE2FDF9B3800F77B39 /* Sources */,
				4476AADF2FDF9B3800F77B39 /* Frameworks */,
				4476AAE02FDF9B3800F77B39 /* Resources */,
			);
			buildRules = (
			);
			dependencies = (
				4476AAE42FDF9B3800F77B39 /* PBXTargetDependency */,
			);
			fileSystemSynchronizedGroups = (
				4476AAE52FDF9B3800F77B39 /* CheatKeyTests */,
			);
			name = CheatKeyTests;
			productName = CheatKeyTests;
			productReference = 4476AAE22FDF9B3800F77B39 /* CheatKeyTests.xctest */;
			productType = "com.apple.product-type.bundle.unit-test";
		};
		4476AAEB2FDF9B3800F77B39 /* CheatKeyUITests */ = {
			isa = PBXNativeTarget;
			buildConfigurationList = 4476AAFA2FDF9B3800F77B39 /* Build configuration list for PBXNativeTarget "CheatKeyUITests" */;
			buildPhases = (
				4476AAE82FDF9B3800F77B39 /* Sources */,
				4476AAE92FDF9B3800F77B39 /* Frameworks */,
				4476AAEA2FDF9B3800F77B39 /* Resources */,
			);
			buildRules = (
			);
			dependencies = (
				4476AAEE2FDF9B3800F77B39 /* PBXTargetDependency */,
			);
			fileSystemSynchronizedGroups = (
				4476AAEF2FDF9B3800F77B39 /* CheatKeyUITests */,
			);
			name = CheatKeyUITests;
			productName = CheatKeyUITests;
			productReference = 4476AAEC2FDF9B3800F77B39 /* CheatKeyUITests.xctest */;
			productType = "com.apple.product-type.bundle.ui-testing";
		};
/* End PBXNativeTarget section */

/* Begin PBXProject section */
		4476AACD2FDF9B3700F77B39 /* Project object */ = {
			isa = PBXProject;
			attributes = {
				BuildIndependentTargetsInParallel = 1;
				LastSwiftUpdateCheck = 2700;
				LastUpgradeCheck = 2700;
				TargetAttributes = {
					4476AAD42FDF9B3700F77B39 = {
						CreatedOnToolsVersion = 27.0;
					};
					4476AAE12FDF9B3800F77B39 = {
						CreatedOnToolsVersion = 27.0;
						TestTargetID = 4476AAD42FDF9B3700F77B39;
					};
					4476AAEB2FDF9B3800F77B39 = {
						CreatedOnToolsVersion = 27.0;
						TestTargetID = 4476AAD42FDF9B3700F77B39;
					};
				};
			};
			buildConfigurationList = 4476AAD02FDF9B3700F77B39 /* Build configuration list for PBXProject "CheatKey" */;
			developmentRegion = en;
			hasScannedForEncodings = 0;
			knownRegions = (
				en,
				Base,
			);
			mainGroup = 4476AACC2FDF9B3700F77B39;
			minimizedProjectReferenceProxies = 1;
			preferredProjectObjectVersion = 77;
			productRefGroup = 4476AAD62FDF9B3700F77B39 /* Products */;
			projectDirPath = "";
			projectRoot = "";
			targets = (
				4476AAD42FDF9B3700F77B39 /* CheatKey */,
				4476AAE12FDF9B3800F77B39 /* CheatKeyTests */,
				4476AAEB2FDF9B3800F77B39 /* CheatKeyUITests */,
			);
		};
/* End PBXProject section */

/* Begin PBXResourcesBuildPhase section */
		4476AAD32FDF9B3700F77B39 /* Resources */ = {
			isa = PBXResourcesBuildPhase;
			files = (
			);
		};
		4476AAE02FDF9B3800F77B39 /* Resources */ = {
			isa = PBXResourcesBuildPhase;
			files = (
			);
		};
		4476AAEA2FDF9B3800F77B39 /* Resources */ = {
			isa = PBXResourcesBuildPhase;
			files = (
			);
		};
/* End PBXResourcesBuildPhase section */

/* Begin PBXSourcesBuildPhase section */
		4476AAD12FDF9B3700F77B39 /* Sources */ = {
			isa = PBXSourcesBuildPhase;
			files = (
				4476AB2F2FE440C000F77B39 /* FeatureAssembly.swift in Sources */,
			);
		};
		4476AADE2FDF9B3800F77B39 /* Sources */ = {
			isa = PBXSourcesBuildPhase;
			files = (
			);
		};
		4476AAE82FDF9B3800F77B39 /* Sources */ = {
			isa = PBXSourcesBuildPhase;
			files = (
			);
		};
/* End PBXSourcesBuildPhase section */

/* Begin PBXTargetDependency section */
		4476AAE42FDF9B3800F77B39 /* PBXTargetDependency */ = {
			isa = PBXTargetDependency;
			target = 4476AAD42FDF9B3700F77B39 /* CheatKey */;
			targetProxy = 4476AAE32FDF9B3800F77B39 /* PBXContainerItemProxy */;
		};
		4476AAEE2FDF9B3800F77B39 /* PBXTargetDependency */ = {
			isa = PBXTargetDependency;
			target = 4476AAD42FDF9B3700F77B39 /* CheatKey */;
			targetProxy = 4476AAED2FDF9B3800F77B39 /* PBXContainerItemProxy */;
		};
/* End PBXTargetDependency section */

/* Begin XCBuildConfiguration section */
		4476AAF22FDF9B3800F77B39 /* Debug configuration for PBXProject "CheatKey" */ = {
			isa = XCBuildConfiguration;
			buildSettings = {
				ALWAYS_SEARCH_USER_PATHS = NO;
				ASSETCATALOG_COMPILER_GENERATE_SWIFT_ASSET_SYMBOL_EXTENSIONS = YES;
				CLANG_ANALYZER_NONNULL = YES;
				CLANG_ANALYZER_NUMBER_OBJECT_CONVERSION = YES_AGGRESSIVE;
				CLANG_CXX_LANGUAGE_STANDARD = "gnu++20";
				CLANG_ENABLE_MODULES = YES;
				CLANG_ENABLE_OBJC_ARC = YES;
				CLANG_ENABLE_OBJC_WEAK = YES;
				CLANG_WARN_BLOCK_CAPTURE_AUTORELEASING = YES;
				CLANG_WARN_BOOL_CONVERSION = YES;
				CLANG_WARN_COMMA = YES;
				CLANG_WARN_CONSTANT_CONVERSION = YES;
				CLANG_WARN_DEPRECATED_OBJC_IMPLEMENTATIONS = YES;
				CLANG_WARN_DIRECT_OBJC_ISA_USAGE = YES_ERROR;
				CLANG_WARN_DOCUMENTATION_COMMENTS = YES;
				CLANG_WARN_EMPTY_BODY = YES;
				CLANG_WARN_ENUM_CONVERSION = YES;
				CLANG_WARN_INFINITE_RECURSION = YES;
				CLANG_WARN_INT_CONVERSION = YES;
				CLANG_WARN_NON_LITERAL_NULL_CONVERSION = YES;
				CLANG_WARN_OBJC_IMPLICIT_RETAIN_SELF = YES;
				CLANG_WARN_OBJC_LITERAL_CONVERSION = YES;
				CLANG_WARN_OBJC_ROOT_CLASS = YES_ERROR;
				CLANG_WARN_QUOTED_INCLUDE_IN_FRAMEWORK_HEADER = YES;
				CLANG_WARN_RANGE_LOOP_ANALYSIS = YES;
				CLANG_WARN_STRICT_PROTOTYPES = YES;
				CLANG_WARN_SUSPICIOUS_MOVE = YES;
				CLANG_WARN_UNGUARDED_AVAILABILITY = YES_AGGRESSIVE;
				CLANG_WARN_UNREACHABLE_CODE = YES;
				CLANG_WARN__DUPLICATE_METHOD_MATCH = YES;
				COPY_PHASE_STRIP = NO;
				DEBUG_INFORMATION_FORMAT = dwarf;
				DEVELOPMENT_TEAM = F6Q22UVSYB;
				ENABLE_STRICT_OBJC_MSGSEND = YES;
				ENABLE_TESTABILITY = YES;
				ENABLE_USER_SCRIPT_SANDBOXING = YES;
				GCC_C_LANGUAGE_STANDARD = gnu17;
				GCC_DYNAMIC_NO_PIC = NO;
				GCC_NO_COMMON_BLOCKS = YES;
				GCC_OPTIMIZATION_LEVEL = 0;
				GCC_PREPROCESSOR_DEFINITIONS = (
					"DEBUG=1",
					"$(inherited)",
				);
				GCC_WARN_64_TO_32_BIT_CONVERSION = YES;
				GCC_WARN_ABOUT_RETURN_TYPE = YES_ERROR;
				GCC_WARN_UNDECLARED_SELECTOR = YES;
				GCC_WARN_UNINITIALIZED_AUTOS = YES_AGGRESSIVE;
				GCC_WARN_UNUSED_FUNCTION = YES;
				GCC_WARN_UNUSED_VARIABLE = YES;
				LOCALIZATION_PREFERS_STRING_CATALOGS = YES;
				MACOSX_DEPLOYMENT_TARGET = 27.0;
				MTL_ENABLE_DEBUG_INFO = INCLUDE_SOURCE;
				MTL_FAST_MATH = YES;
				ONLY_ACTIVE_ARCH = YES;
				SDKROOT = macosx;
				SWIFT_ACTIVE_COMPILATION_CONDITIONS = "DEBUG $(inherited)";
				SWIFT_OPTIMIZATION_LEVEL = "-Onone";
			};
			name = Debug;
		};
		4476AAF32FDF9B3800F77B39 /* Release configuration for PBXProject "CheatKey" */ = {
			isa = XCBuildConfiguration;
			buildSettings = {
				ALWAYS_SEARCH_USER_PATHS = NO;
				ASSETCATALOG_COMPILER_GENERATE_SWIFT_ASSET_SYMBOL_EXTENSIONS = YES;
				CLANG_ANALYZER_NONNULL = YES;
				CLANG_ANALYZER_NUMBER_OBJECT_CONVERSION = YES_AGGRESSIVE;
				CLANG_CXX_LANGUAGE_STANDARD = "gnu++20";
				CLANG_ENABLE_MODULES = YES;
				CLANG_ENABLE_OBJC_ARC = YES;
				CLANG_ENABLE_OBJC_WEAK = YES;
				CLANG_WARN_BLOCK_CAPTURE_AUTORELEASING = YES;
				CLANG_WARN_BOOL_CONVERSION = YES;
				CLANG_WARN_COMMA = YES;
				CLANG_WARN_CONSTANT_CONVERSION = YES;
				CLANG_WARN_DEPRECATED_OBJC_IMPLEMENTATIONS = YES;
				CLANG_WARN_DIRECT_OBJC_ISA_USAGE = YES_ERROR;
				CLANG_WARN_DOCUMENTATION_COMMENTS = YES;
				CLANG_WARN_EMPTY_BODY = YES;
				CLANG_WARN_ENUM_CONVERSION = YES;
				CLANG_WARN_INFINITE_RECURSION = YES;
				CLANG_WARN_INT_CONVERSION = YES;
				CLANG_WARN_NON_LITERAL_NULL_CONVERSION = YES;
				CLANG_WARN_OBJC_IMPLICIT_RETAIN_SELF = YES;
				CLANG_WARN_OBJC_LITERAL_CONVERSION = YES;
				CLANG_WARN_OBJC_ROOT_CLASS = YES_ERROR;
				CLANG_WARN_QUOTED_INCLUDE_IN_FRAMEWORK_HEADER = YES;
				CLANG_WARN_RANGE_LOOP_ANALYSIS = YES;
				CLANG_WARN_STRICT_PROTOTYPES = YES;
				CLANG_WARN_SUSPICIOUS_MOVE = YES;
				CLANG_WARN_UNGUARDED_AVAILABILITY = YES_AGGRESSIVE;
				CLANG_WARN_UNREACHABLE_CODE = YES;
				CLANG_WARN__DUPLICATE_METHOD_MATCH = YES;
				COPY_PHASE_STRIP = NO;
				DEBUG_INFORMATION_FORMAT = "dwarf-with-dsym";
				DEVELOPMENT_TEAM = F6Q22UVSYB;
				ENABLE_NS_ASSERTIONS = NO;
				ENABLE_STRICT_OBJC_MSGSEND = YES;
				ENABLE_USER_SCRIPT_SANDBOXING = YES;
				GCC_C_LANGUAGE_STANDARD = gnu17;
				GCC_NO_COMMON_BLOCKS = YES;
				GCC_WARN_64_TO_32_BIT_CONVERSION = YES;
				GCC_WARN_ABOUT_RETURN_TYPE = YES_ERROR;
				GCC_WARN_UNDECLARED_SELECTOR = YES;
				GCC_WARN_UNINITIALIZED_AUTOS = YES_AGGRESSIVE;
				GCC_WARN_UNUSED_FUNCTION = YES;
				GCC_WARN_UNUSED_VARIABLE = YES;
				LOCALIZATION_PREFERS_STRING_CATALOGS = YES;
				MACOSX_DEPLOYMENT_TARGET = 27.0;
				MTL_ENABLE_DEBUG_INFO = NO;
				MTL_FAST_MATH = YES;
				SDKROOT = macosx;
				SWIFT_COMPILATION_MODE = wholemodule;
			};
			name = Release;
		};
		4476AAF52FDF9B3800F77B39 /* Debug configuration for PBXNativeTarget "CheatKey" */ = {
			isa = XCBuildConfiguration;
			buildSettings = {
				ASSETCATALOG_COMPILER_APPICON_NAME = AppIcon;
				ASSETCATALOG_COMPILER_GLOBAL_ACCENT_COLOR_NAME = AccentColor;
				CODE_SIGN_STYLE = Automatic;
				COMBINE_HIDPI_IMAGES = YES;
				CURRENT_PROJECT_VERSION = 1;
				DEVELOPMENT_TEAM = F6Q22UVSYB;
				ENABLE_APP_SANDBOX = NO;
				ENABLE_HARDENED_RUNTIME = YES;
				ENABLE_PREVIEWS = YES;
				ENABLE_USER_SCRIPT_SANDBOXING = NO;
				GENERATE_INFOPLIST_FILE = YES;
				INFOPLIST_KEY_LSUIElement = YES;
				INFOPLIST_KEY_NSHumanReadableCopyright = "";
				LD_RUNPATH_SEARCH_PATHS = (
					"$(inherited)",
					"@executable_path/../Frameworks",
				);
				MACOSX_DEPLOYMENT_TARGET = 15.6;
				MARKETING_VERSION = 1.0;
				PRODUCT_BUNDLE_IDENTIFIER = com.bexonbai.CheatKey;
				PRODUCT_NAME = "$(TARGET_NAME)";
				REGISTER_APP_GROUPS = YES;
				STRING_CATALOG_GENERATE_SYMBOLS = YES;
				SWIFT_APPROACHABLE_CONCURRENCY = YES;
				SWIFT_DEFAULT_ACTOR_ISOLATION = MainActor;
				SWIFT_EMIT_LOC_STRINGS = YES;
				SWIFT_UPCOMING_FEATURE_MEMBER_IMPORT_VISIBILITY = YES;
				SWIFT_VERSION = 5.0;
			};
			name = Debug;
		};
		4476AAF62FDF9B3800F77B39 /* Release configuration for PBXNativeTarget "CheatKey" */ = {
			isa = XCBuildConfiguration;
			buildSettings = {
				ASSETCATALOG_COMPILER_APPICON_NAME = AppIcon;
				ASSETCATALOG_COMPILER_GLOBAL_ACCENT_COLOR_NAME = AccentColor;
				CODE_SIGN_STYLE = Automatic;
				COMBINE_HIDPI_IMAGES = YES;
				CURRENT_PROJECT_VERSION = 1;
				DEVELOPMENT_TEAM = F6Q22UVSYB;
				ENABLE_APP_SANDBOX = NO;
				ENABLE_HARDENED_RUNTIME = YES;
				ENABLE_PREVIEWS = YES;
				ENABLE_USER_SCRIPT_SANDBOXING = NO;
				GENERATE_INFOPLIST_FILE = YES;
				INFOPLIST_KEY_LSUIElement = YES;
				INFOPLIST_KEY_NSHumanReadableCopyright = "";
				LD_RUNPATH_SEARCH_PATHS = (
					"$(inherited)",
					"@executable_path/../Frameworks",
				);
				MACOSX_DEPLOYMENT_TARGET = 15.6;
				MARKETING_VERSION = 1.0;
				PRODUCT_BUNDLE_IDENTIFIER = com.bexonbai.CheatKey;
				PRODUCT_NAME = "$(TARGET_NAME)";
				REGISTER_APP_GROUPS = YES;
				STRING_CATALOG_GENERATE_SYMBOLS = YES;
				SWIFT_APPROACHABLE_CONCURRENCY = YES;
				SWIFT_DEFAULT_ACTOR_ISOLATION = MainActor;
				SWIFT_EMIT_LOC_STRINGS = YES;
				SWIFT_UPCOMING_FEATURE_MEMBER_IMPORT_VISIBILITY = YES;
				SWIFT_VERSION = 5.0;
			};
			name = Release;
		};
		4476AAF82FDF9B3800F77B39 /* Debug configuration for PBXNativeTarget "CheatKeyTests" */ = {
			isa = XCBuildConfiguration;
			buildSettings = {
				BUNDLE_LOADER = "$(TEST_HOST)";
				CODE_SIGN_STYLE = Automatic;
				CURRENT_PROJECT_VERSION = 1;
				DEVELOPMENT_TEAM = F6Q22UVSYB;
				GENERATE_INFOPLIST_FILE = YES;
				MACOSX_DEPLOYMENT_TARGET = 27.0;
				MARKETING_VERSION = 1.0;
				PRODUCT_BUNDLE_IDENTIFIER = com.bexonbai.CheatKeyTests;
				PRODUCT_NAME = "$(TARGET_NAME)";
				STRING_CATALOG_GENERATE_SYMBOLS = NO;
				SWIFT_APPROACHABLE_CONCURRENCY = YES;
				SWIFT_EMIT_LOC_STRINGS = NO;
				SWIFT_UPCOMING_FEATURE_MEMBER_IMPORT_VISIBILITY = YES;
				SWIFT_VERSION = 5.0;
				TEST_HOST = "$(BUILT_PRODUCTS_DIR)/CheatKey.app/$(BUNDLE_EXECUTABLE_FOLDER_PATH)/CheatKey";
			};
			name = Debug;
		};
		4476AAF92FDF9B3800F77B39 /* Release configuration for PBXNativeTarget "CheatKeyTests" */ = {
			isa = XCBuildConfiguration;
			buildSettings = {
				BUNDLE_LOADER = "$(TEST_HOST)";
				CODE_SIGN_STYLE = Automatic;
				CURRENT_PROJECT_VERSION = 1;
				DEVELOPMENT_TEAM = F6Q22UVSYB;
				GENERATE_INFOPLIST_FILE = YES;
				MACOSX_DEPLOYMENT_TARGET = 27.0;
				MARKETING_VERSION = 1.0;
				PRODUCT_BUNDLE_IDENTIFIER = com.bexonbai.CheatKeyTests;
				PRODUCT_NAME = "$(TARGET_NAME)";
				STRING_CATALOG_GENERATE_SYMBOLS = NO;
				SWIFT_APPROACHABLE_CONCURRENCY = YES;
				SWIFT_EMIT_LOC_STRINGS = NO;
				SWIFT_UPCOMING_FEATURE_MEMBER_IMPORT_VISIBILITY = YES;
				SWIFT_VERSION = 5.0;
				TEST_HOST = "$(BUILT_PRODUCTS_DIR)/CheatKey.app/$(BUNDLE_EXECUTABLE_FOLDER_PATH)/CheatKey";
			};
			name = Release;
		};
		4476AAFB2FDF9B3800F77B39 /* Debug configuration for PBXNativeTarget "CheatKeyUITests" */ = {
			isa = XCBuildConfiguration;
			buildSettings = {
				CODE_SIGN_STYLE = Automatic;
				CURRENT_PROJECT_VERSION = 1;
				DEVELOPMENT_TEAM = F6Q22UVSYB;
				GENERATE_INFOPLIST_FILE = YES;
				MARKETING_VERSION = 1.0;
				PRODUCT_BUNDLE_IDENTIFIER = com.bexonbai.CheatKeyUITests;
				PRODUCT_NAME = "$(TARGET_NAME)";
				STRING_CATALOG_GENERATE_SYMBOLS = NO;
				SWIFT_APPROACHABLE_CONCURRENCY = YES;
				SWIFT_EMIT_LOC_STRINGS = NO;
				SWIFT_UPCOMING_FEATURE_MEMBER_IMPORT_VISIBILITY = YES;
				SWIFT_VERSION = 5.0;
				TEST_TARGET_NAME = CheatKey;
			};
			name = Debug;
		};
		4476AAFC2FDF9B3800F77B39 /* Release configuration for PBXNativeTarget "CheatKeyUITests" */ = {
			isa = XCBuildConfiguration;
			buildSettings = {
				CODE_SIGN_STYLE = Automatic;
				CURRENT_PROJECT_VERSION = 1;
				DEVELOPMENT_TEAM = F6Q22UVSYB;
				GENERATE_INFOPLIST_FILE = YES;
				MARKETING_VERSION = 1.0;
				PRODUCT_BUNDLE_IDENTIFIER = com.bexonbai.CheatKeyUITests;
				PRODUCT_NAME = "$(TARGET_NAME)";
				STRING_CATALOG_GENERATE_SYMBOLS = NO;
				SWIFT_APPROACHABLE_CONCURRENCY = YES;
				SWIFT_EMIT_LOC_STRINGS = NO;
				SWIFT_UPCOMING_FEATURE_MEMBER_IMPORT_VISIBILITY = YES;
				SWIFT_VERSION = 5.0;
				TEST_TARGET_NAME = CheatKey;
			};
			name = Release;
		};
/* End XCBuildConfiguration section */

/* Begin XCConfigurationList section */
		4476AAD02FDF9B3700F77B39 /* Build configuration list for PBXProject "CheatKey" */ = {
			isa = XCConfigurationList;
			buildConfigurations = (
				4476AAF22FDF9B3800F77B39 /* Debug configuration for PBXProject "CheatKey" */,
				4476AAF32FDF9B3800F77B39 /* Release configuration for PBXProject "CheatKey" */,
			);
			defaultConfigurationName = Release;
		};
		4476AAF42FDF9B3800F77B39 /* Build configuration list for PBXNativeTarget "CheatKey" */ = {
			isa = XCConfigurationList;
			buildConfigurations = (
				4476AAF52FDF9B3800F77B39 /* Debug configuration for PBXNativeTarget "CheatKey" */,
				4476AAF62FDF9B3800F77B39 /* Release configuration for PBXNativeTarget "CheatKey" */,
			);
			defaultConfigurationName = Release;
		};
		4476AAF72FDF9B3800F77B39 /* Build configuration list for PBXNativeTarget "CheatKeyTests" */ = {
			isa = XCConfigurationList;
			buildConfigurations = (
				4476AAF82FDF9B3800F77B39 /* Debug configuration for PBXNativeTarget "CheatKeyTests" */,
				4476AAF92FDF9B3800F77B39 /* Release configuration for PBXNativeTarget "CheatKeyTests" */,
			);
			defaultConfigurationName = Release;
		};
		4476AAFA2FDF9B3800F77B39 /* Build configuration list for PBXNativeTarget "CheatKeyUITests" */ = {
			isa = XCConfigurationList;
			buildConfigurations = (
				4476AAFB2FDF9B3800F77B39 /* Debug configuration for PBXNativeTarget "CheatKeyUITests" */,
				4476AAFC2FDF9B3800F77B39 /* Release configuration for PBXNativeTarget "CheatKeyUITests" */,
			);
			defaultConfigurationName = Release;
		};
/* End XCConfigurationList section */
	};
	rootObject = 4476AACD2FDF9B3700F77B39 /* Project object */;
	validationLevel = 1;
}
